
Microsoft Visual Studio Solution File, Format Version 12.00
# Visual Studio Version 16
VisualStudioVersion = 16.0.30114.105
MinimumVisualStudioVersion = 10.0.40219.1
Project("{FAE04EC0-301F-11D3-BF4B-00C04F79EFBC}") = "ChatClient", "ChatClient\ChatClient.csproj", "{CDA65F7A-5B3D-4C26-AFE8-F7F52D06D517}"
EndProject
Project("{9A19103F-16F7-4668-BE54-9A1E7A4F7556}") = "Chat", "..\ChatServer\tests\Chat.csproj", "{37FB3B68-AE02-4837-A2A5-E4E6D9CDE2E1}"
EndProject
Global
	GlobalSection(SolutionConfigurationPlatforms) = preSolution
		Debug|Any CPU = Debug|Any CPU
		Release|Any CPU = Release|Any CPU
	EndGlobalSection
	GlobalSection(ProjectConfigurationPlatforms) = postSolution
		{CDA65F7A-5B3D-4C26-AFE8-F7F52D06D517}.Debug|Any CPU.ActiveCfg = Debug|Any CPU
		{CDA65F7A-5B3D-4C26-AFE8-F7F52D06D517}.Debug|Any CPU.Build.0 = Debug|Any CPU
		{CDA65F7A-5B3D-4C26-AFE8-F7F52D06D517}.Release|Any CPU.ActiveCfg = Release|Any CPU
		{CDA65F7A-5B3D-4C26-AFE8-F7F52D06D517}.Release|Any CPU.Build.0 = Release|Any CPU
		{37FB3B68-AE02-4837-A2A5-E4E6D9CDE2E1}.Debug|Any CPU.ActiveCfg = Debug|Any CPU
		{37FB3B68-AE02-4837-A2A5-E4E6D9CDE2E1}.Debug|Any CPU.Build.0 = Debug|Any CPU
		{37FB3B68-AE02-4837-A2A5-E4E6D9CDE2E1}.Release|Any CPU.ActiveCfg = Release|Any CPU
		{37FB3B68-AE02-4837-A2A5-E4E6D9CDE2E1}.Release|Any CPU.Build.0 = Release|Any CPU
	EndGlobalSection
	GlobalSection(SolutionProperties) = preSolution
		HideSolutionNode = FALSE
	EndGlobalSection
	GlobalSection(ExtensibilityGlobals) = postSolution
		SolutionGuid = {5FBCACEA-C9CA-49E4-BB29-C3B2AA33E1B3}
	EndGlobalSection
EndGlobal
